
Microsoft Visual Studio Solution File, Format Version 10.00
# Visual Studio 2008
Project("{FAE04EC0-301F-11D3-BF4B-00C04F79EFBC}") = "SilverightPluginProof", "SilverightPluginProof\SilverightPluginProof.csproj", "{0561C6CB-60F8-47B7-B862-1B70053B376E}"
EndProject
Project("{FAE04EC0-301F-11D3-BF4B-00C04F79EFBC}") = "MainApp", "MainApp\MainApp.csproj", "{06901F55-5B64-4439-891A-DE447E757CF7}"
EndProject
Project("{FAE04EC0-301F-11D3-BF4B-00C04F79EFBC}") = "Common", "Common\Common.csproj", "{DC1242F1-476E-4EF0-B399-ADD4B01136A5}"
EndProject
Global
	GlobalSection(SolutionConfigurationPlatforms) = preSolution
		Debug|Any CPU = Debug|Any CPU
		Release|Any CPU = Release|Any CPU
	EndGlobalSection
	GlobalSection(ProjectConfigurationPlatforms) = postSolution
		{0561C6CB-60F8-47B7-B862-1B70053B376E}.Debug|Any CPU.ActiveCfg = Debug|Any CPU
		{0561C6CB-60F8-47B7-B862-1B70053B376E}.Debug|Any CPU.Build.0 = Debug|Any CPU
		{0561C6CB-60F8-47B7-B862-1B70053B376E}.Release|Any CPU.ActiveCfg = Release|Any CPU
		{0561C6CB-60F8-47B7-B862-1B70053B376E}.Release|Any CPU.Build.0 = Release|Any CPU
		{06901F55-5B64-4439-891A-DE447E757CF7}.Debug|Any CPU.ActiveCfg = Debug|Any CPU
		{06901F55-5B64-4439-891A-DE447E757CF7}.Debug|Any CPU.Build.0 = Debug|Any CPU
		{06901F55-5B64-4439-891A-DE447E757CF7}.Release|Any CPU.ActiveCfg = Release|Any CPU
		{06901F55-5B64-4439-891A-DE447E757CF7}.Release|Any CPU.Build.0 = Release|Any CPU
		{DC1242F1-476E-4EF0-B399-ADD4B01136A5}.Debug|Any CPU.ActiveCfg = Debug|Any CPU
		{DC1242F1-476E-4EF0-B399-ADD4B01136A5}.Debug|Any CPU.Build.0 = Debug|Any CPU
		{DC1242F1-476E-4EF0-B399-ADD4B01136A5}.Release|Any CPU.ActiveCfg = Release|Any CPU
		{DC1242F1-476E-4EF0-B399-ADD4B01136A5}.Release|Any CPU.Build.0 = Release|Any CPU
	EndGlobalSection
	GlobalSection(SolutionProperties) = preSolution
		HideSolutionNode = FALSE
	EndGlobalSection
EndGlobal
