
Microsoft Visual Studio Solution File, Format Version 10.00
# Visual Studio 2008
Project("{FAE04EC0-301F-11D3-BF4B-00C04F79EFBC}") = "SilverlightProofs", "SilverlightProofs\SilverlightProofs.csproj", "{36585F31-3C4E-4D54-83D1-9B2AF52A588A}"
EndProject
Project("{FAE04EC0-301F-11D3-BF4B-00C04F79EFBC}") = "SilverlightToolbox", "..\SilverlightToolbox\SilverlightToolbox.csproj", "{71E7EF78-B65F-4D8E-B745-55E4CA4EA19F}"
EndProject
Project("{FAE04EC0-301F-11D3-BF4B-00C04F79EFBC}") = "DefaultSkin", "DefaultSkin\DefaultSkin.csproj", "{FE83CFBE-0AE1-4017-AF1A-2E9F24C8A32E}"
EndProject
Project("{FAE04EC0-301F-11D3-BF4B-00C04F79EFBC}") = "SilverlightToolboxTests", "..\SilverlightToolboxTests\SilverlightToolboxTests.csproj", "{A7966799-428D-4131-97BF-0443F26E5B5F}"
EndProject
Project("{E24C65DC-7377-472B-9ABA-BC803B73C61A}") = "SilverlightWeb", "..\SilverlightWeb\", "{AAE6B388-0FB8-4154-A054-C2C90EC28A11}"
	ProjectSection(WebsiteProperties) = preProject
		TargetFramework = "3.5"
		Debug.AspNetCompiler.VirtualPath = "/SilverlightWeb"
		Debug.AspNetCompiler.PhysicalPath = "..\SilverlightWeb\"
		Debug.AspNetCompiler.TargetPath = "PrecompiledWeb\SilverlightWeb\"
		Debug.AspNetCompiler.Updateable = "true"
		Debug.AspNetCompiler.ForceOverwrite = "true"
		Debug.AspNetCompiler.FixedNames = "false"
		Debug.AspNetCompiler.Debug = "True"
		Release.AspNetCompiler.VirtualPath = "/SilverlightWeb"
		Release.AspNetCompiler.PhysicalPath = "..\SilverlightWeb\"
		Release.AspNetCompiler.TargetPath = "PrecompiledWeb\SilverlightWeb\"
		Release.AspNetCompiler.Updateable = "true"
		Release.AspNetCompiler.ForceOverwrite = "true"
		Release.AspNetCompiler.FixedNames = "false"
		Release.AspNetCompiler.Debug = "False"
		VWDPort = "51167"
		DefaultWebSiteLanguage = "Visual C#"
		ProjOutputReferences = "{36585F31-3C4E-4D54-83D1-9B2AF52A588A}|;"
	EndProjectSection
EndProject
Global
	GlobalSection(SolutionConfigurationPlatforms) = preSolution
		Debug|.NET = Debug|.NET
		Debug|Any CPU = Debug|Any CPU
		Debug|Mixed Platforms = Debug|Mixed Platforms
		Release|.NET = Release|.NET
		Release|Any CPU = Release|Any CPU
		Release|Mixed Platforms = Release|Mixed Platforms
	EndGlobalSection
	GlobalSection(ProjectConfigurationPlatforms) = postSolution
		{36585F31-3C4E-4D54-83D1-9B2AF52A588A}.Debug|.NET.ActiveCfg = Debug|Any CPU
		{36585F31-3C4E-4D54-83D1-9B2AF52A588A}.Debug|Any CPU.ActiveCfg = Debug|Any CPU
		{36585F31-3C4E-4D54-83D1-9B2AF52A588A}.Debug|Any CPU.Build.0 = Debug|Any CPU
		{36585F31-3C4E-4D54-83D1-9B2AF52A588A}.Debug|Mixed Platforms.ActiveCfg = Debug|Any CPU
		{36585F31-3C4E-4D54-83D1-9B2AF52A588A}.Debug|Mixed Platforms.Build.0 = Debug|Any CPU
		{36585F31-3C4E-4D54-83D1-9B2AF52A588A}.Release|.NET.ActiveCfg = Release|Any CPU
		{36585F31-3C4E-4D54-83D1-9B2AF52A588A}.Release|Any CPU.ActiveCfg = Release|Any CPU
		{36585F31-3C4E-4D54-83D1-9B2AF52A588A}.Release|Any CPU.Build.0 = Release|Any CPU
		{36585F31-3C4E-4D54-83D1-9B2AF52A588A}.Release|Mixed Platforms.ActiveCfg = Release|Any CPU
		{36585F31-3C4E-4D54-83D1-9B2AF52A588A}.Release|Mixed Platforms.Build.0 = Release|Any CPU
		{71E7EF78-B65F-4D8E-B745-55E4CA4EA19F}.Debug|.NET.ActiveCfg = Debug|Any CPU
		{71E7EF78-B65F-4D8E-B745-55E4CA4EA19F}.Debug|Any CPU.ActiveCfg = Debug|Any CPU
		{71E7EF78-B65F-4D8E-B745-55E4CA4EA19F}.Debug|Any CPU.Build.0 = Debug|Any CPU
		{71E7EF78-B65F-4D8E-B745-55E4CA4EA19F}.Debug|Mixed Platforms.ActiveCfg = Debug|Any CPU
		{71E7EF78-B65F-4D8E-B745-55E4CA4EA19F}.Debug|Mixed Platforms.Build.0 = Debug|Any CPU
		{71E7EF78-B65F-4D8E-B745-55E4CA4EA19F}.Release|.NET.ActiveCfg = Release|Any CPU
		{71E7EF78-B65F-4D8E-B745-55E4CA4EA19F}.Release|Any CPU.ActiveCfg = Release|Any CPU
		{71E7EF78-B65F-4D8E-B745-55E4CA4EA19F}.Release|Any CPU.Build.0 = Release|Any CPU
		{71E7EF78-B65F-4D8E-B745-55E4CA4EA19F}.Release|Mixed Platforms.ActiveCfg = Release|Any CPU
		{71E7EF78-B65F-4D8E-B745-55E4CA4EA19F}.Release|Mixed Platforms.Build.0 = Release|Any CPU
		{FE83CFBE-0AE1-4017-AF1A-2E9F24C8A32E}.Debug|.NET.ActiveCfg = Debug|Any CPU
		{FE83CFBE-0AE1-4017-AF1A-2E9F24C8A32E}.Debug|Any CPU.ActiveCfg = Debug|Any CPU
		{FE83CFBE-0AE1-4017-AF1A-2E9F24C8A32E}.Debug|Any CPU.Build.0 = Debug|Any CPU
		{FE83CFBE-0AE1-4017-AF1A-2E9F24C8A32E}.Debug|Mixed Platforms.ActiveCfg = Debug|Any CPU
		{FE83CFBE-0AE1-4017-AF1A-2E9F24C8A32E}.Debug|Mixed Platforms.Build.0 = Debug|Any CPU
		{FE83CFBE-0AE1-4017-AF1A-2E9F24C8A32E}.Release|.NET.ActiveCfg = Release|Any CPU
		{FE83CFBE-0AE1-4017-AF1A-2E9F24C8A32E}.Release|Any CPU.ActiveCfg = Release|Any CPU
		{FE83CFBE-0AE1-4017-AF1A-2E9F24C8A32E}.Release|Any CPU.Build.0 = Release|Any CPU
		{FE83CFBE-0AE1-4017-AF1A-2E9F24C8A32E}.Release|Mixed Platforms.ActiveCfg = Release|Any CPU
		{FE83CFBE-0AE1-4017-AF1A-2E9F24C8A32E}.Release|Mixed Platforms.Build.0 = Release|Any CPU
		{A7966799-428D-4131-97BF-0443F26E5B5F}.Debug|.NET.ActiveCfg = Debug|Any CPU
		{A7966799-428D-4131-97BF-0443F26E5B5F}.Debug|Any CPU.ActiveCfg = Debug|Any CPU
		{A7966799-428D-4131-97BF-0443F26E5B5F}.Debug|Any CPU.Build.0 = Debug|Any CPU
		{A7966799-428D-4131-97BF-0443F26E5B5F}.Debug|Mixed Platforms.ActiveCfg = Debug|Any CPU
		{A7966799-428D-4131-97BF-0443F26E5B5F}.Debug|Mixed Platforms.Build.0 = Debug|Any CPU
		{A7966799-428D-4131-97BF-0443F26E5B5F}.Release|.NET.ActiveCfg = Release|Any CPU
		{A7966799-428D-4131-97BF-0443F26E5B5F}.Release|Any CPU.ActiveCfg = Release|Any CPU
		{A7966799-428D-4131-97BF-0443F26E5B5F}.Release|Any CPU.Build.0 = Release|Any CPU
		{A7966799-428D-4131-97BF-0443F26E5B5F}.Release|Mixed Platforms.ActiveCfg = Release|Any CPU
		{A7966799-428D-4131-97BF-0443F26E5B5F}.Release|Mixed Platforms.Build.0 = Release|Any CPU
		{AAE6B388-0FB8-4154-A054-C2C90EC28A11}.Debug|.NET.ActiveCfg = Debug|.NET
		{AAE6B388-0FB8-4154-A054-C2C90EC28A11}.Debug|.NET.Build.0 = Debug|.NET
		{AAE6B388-0FB8-4154-A054-C2C90EC28A11}.Debug|Any CPU.ActiveCfg = Debug|.NET
		{AAE6B388-0FB8-4154-A054-C2C90EC28A11}.Debug|Mixed Platforms.ActiveCfg = Debug|.NET
		{AAE6B388-0FB8-4154-A054-C2C90EC28A11}.Debug|Mixed Platforms.Build.0 = Debug|.NET
		{AAE6B388-0FB8-4154-A054-C2C90EC28A11}.Release|.NET.ActiveCfg = Debug|.NET
		{AAE6B388-0FB8-4154-A054-C2C90EC28A11}.Release|.NET.Build.0 = Debug|.NET
		{AAE6B388-0FB8-4154-A054-C2C90EC28A11}.Release|Any CPU.ActiveCfg = Debug|.NET
		{AAE6B388-0FB8-4154-A054-C2C90EC28A11}.Release|Mixed Platforms.ActiveCfg = Debug|.NET
		{AAE6B388-0FB8-4154-A054-C2C90EC28A11}.Release|Mixed Platforms.Build.0 = Debug|.NET
	EndGlobalSection
	GlobalSection(SolutionProperties) = preSolution
		HideSolutionNode = FALSE
	EndGlobalSection
EndGlobal
